
Microsoft Visual Studio Solution File, Format Version 12.00
# Visual Studio 15
VisualStudioVersion = 15.0.28307.1267
MinimumVisualStudioVersion = 10.0.40219.1
Project("{FAE04EC0-301F-11D3-BF4B-00C04F79EFBC}") = "AlgorithmStudy", "AlgorithmStudy\AlgorithmStudy.csproj", "{09D5C5D9-5C5C-4173-88CD-241C73701CC4}"
EndProject
Global
	GlobalSection(SolutionConfigurationPlatforms) = preSolution
		Debug|Any CPU = Debug|Any CPU
		Release|Any CPU = Release|Any CPU
	EndGlobalSection
	GlobalSection(ProjectConfigurationPlatforms) = postSolution
		{09D5C5D9-5C5C-4173-88CD-241C73701CC4}.Debug|Any CPU.ActiveCfg = Debug|Any CPU
		{09D5C5D9-5C5C-4173-88CD-241C73701CC4}.Debug|Any CPU.Build.0 = Debug|Any CPU
		{09D5C5D9-5C5C-4173-88CD-241C73701CC4}.Release|Any CPU.ActiveCfg = Release|Any CPU
		{09D5C5D9-5C5C-4173-88CD-241C73701CC4}.Release|Any CPU.Build.0 = Release|Any CPU
	EndGlobalSection
	GlobalSection(SolutionProperties) = preSolution
		HideSolutionNode = FALSE
	EndGlobalSection
	GlobalSection(ExtensibilityGlobals) = postSolution
		SolutionGuid = {4E64F6F2-82D9-42A9-AD13-1849CB718765}
	EndGlobalSection
EndGlobal
